
Microsoft Visual Studio Solution File, Format Version 12.00
# Visual Studio Version 17
VisualStudioVersion = 17.4.33213.308
MinimumVisualStudioVersion = 10.0.40219.1
Project("{FAE04EC0-301F-11D3-BF4B-00C04F79EFBC}") = "AplicacionTacos.Android", "AplicacionTacos.Android\AplicacionTacos.Android.csproj", "{BF1927CA-607B-429D-B6B7-460BB067A1BB}"
EndProject
Project("{FAE04EC0-301F-11D3-BF4B-00C04F79EFBC}") = "AplicacionTacos", "AplicacionTacos\AplicacionTacos.csproj", "{12CFFF1B-9319-4341-B145-95C4E8FBE04C}"
EndProject
Global
	GlobalSection(SolutionConfigurationPlatforms) = preSolution
		Debug|Any CPU = Debug|Any CPU
		Release|Any CPU = Release|Any CPU
	EndGlobalSection
	GlobalSection(ProjectConfigurationPlatforms) = postSolution
		{BF1927CA-607B-429D-B6B7-460BB067A1BB}.Debug|Any CPU.ActiveCfg = Debug|Any CPU
		{BF1927CA-607B-429D-B6B7-460BB067A1BB}.Debug|Any CPU.Build.0 = Debug|Any CPU
		{BF1927CA-607B-429D-B6B7-460BB067A1BB}.Debug|Any CPU.Deploy.0 = Debug|Any CPU
		{BF1927CA-607B-429D-B6B7-460BB067A1BB}.Release|Any CPU.ActiveCfg = Release|Any CPU
		{BF1927CA-607B-429D-B6B7-460BB067A1BB}.Release|Any CPU.Build.0 = Release|Any CPU
		{BF1927CA-607B-429D-B6B7-460BB067A1BB}.Release|Any CPU.Deploy.0 = Release|Any CPU
		{12CFFF1B-9319-4341-B145-95C4E8FBE04C}.Debug|Any CPU.ActiveCfg = Debug|Any CPU
		{12CFFF1B-9319-4341-B145-95C4E8FBE04C}.Debug|Any CPU.Build.0 = Debug|Any CPU
		{12CFFF1B-9319-4341-B145-95C4E8FBE04C}.Debug|Any CPU.Deploy.0 = Debug|Any CPU
		{12CFFF1B-9319-4341-B145-95C4E8FBE04C}.Release|Any CPU.ActiveCfg = Release|Any CPU
		{12CFFF1B-9319-4341-B145-95C4E8FBE04C}.Release|Any CPU.Build.0 = Release|Any CPU
		{12CFFF1B-9319-4341-B145-95C4E8FBE04C}.Release|Any CPU.Deploy.0 = Release|Any CPU
	EndGlobalSection
	GlobalSection(SolutionProperties) = preSolution
		HideSolutionNode = FALSE
	EndGlobalSection
	GlobalSection(ExtensibilityGlobals) = postSolution
		SolutionGuid = {8F25F06B-D488-44D8-BCDA-254F031ED229}
	EndGlobalSection
EndGlobal
